
Microsoft Visual Studio Solution File, Format Version 12.00
# Visual Studio Version 16
VisualStudioVersion = 16.0.29709.97
MinimumVisualStudioVersion = 10.0.40219.1
Project("{FAE04EC0-301F-11D3-BF4B-00C04F79EFBC}") = "Podgotov", "Podgotov\Podgotov.csproj", "{9E22F55D-2DF2-43B6-A4CC-378830B4EF91}"
EndProject
Project("{FAE04EC0-301F-11D3-BF4B-00C04F79EFBC}") = "LC", "LC\LC.csproj", "{20BFDF8F-81A5-4875-AD52-0C027ABAFC1A}"
EndProject
Global
	GlobalSection(SolutionConfigurationPlatforms) = preSolution
		Debug|Any CPU = Debug|Any CPU
		Release|Any CPU = Release|Any CPU
	EndGlobalSection
	GlobalSection(ProjectConfigurationPlatforms) = postSolution
		{9E22F55D-2DF2-43B6-A4CC-378830B4EF91}.Debug|Any CPU.ActiveCfg = Debug|Any CPU
		{9E22F55D-2DF2-43B6-A4CC-378830B4EF91}.Debug|Any CPU.Build.0 = Debug|Any CPU
		{9E22F55D-2DF2-43B6-A4CC-378830B4EF91}.Release|Any CPU.ActiveCfg = Release|Any CPU
		{9E22F55D-2DF2-43B6-A4CC-378830B4EF91}.Release|Any CPU.Build.0 = Release|Any CPU
		{20BFDF8F-81A5-4875-AD52-0C027ABAFC1A}.Debug|Any CPU.ActiveCfg = Debug|Any CPU
		{20BFDF8F-81A5-4875-AD52-0C027ABAFC1A}.Debug|Any CPU.Build.0 = Debug|Any CPU
		{20BFDF8F-81A5-4875-AD52-0C027ABAFC1A}.Release|Any CPU.ActiveCfg = Release|Any CPU
		{20BFDF8F-81A5-4875-AD52-0C027ABAFC1A}.Release|Any CPU.Build.0 = Release|Any CPU
	EndGlobalSection
	GlobalSection(SolutionProperties) = preSolution
		HideSolutionNode = FALSE
	EndGlobalSection
	GlobalSection(ExtensibilityGlobals) = postSolution
		SolutionGuid = {A83DE646-E401-4ED9-A40D-C862FC098BB6}
	EndGlobalSection
EndGlobal
